
Microsoft Visual Studio Solution File, Format Version 12.00
# Visual Studio Version 17
VisualStudioVersion = 17.6.33829.357
MinimumVisualStudioVersion = 10.0.40219.1
Project("{9A19103F-16F7-4668-BE54-9A1E7A4F7556}") = "Api", "Api\Api.csproj", "{3560DCC6-9936-42DE-B5A5-A8F9C23E9247}"
EndProject
Project("{9A19103F-16F7-4668-BE54-9A1E7A4F7556}") = "Bll", "Bll\Bll.csproj", "{BB528406-13F4-4EF8-815F-71FA21A6240D}"
EndProject
Project("{9A19103F-16F7-4668-BE54-9A1E7A4F7556}") = "Dal", "Dal\Dal.csproj", "{0DB7703D-3FF2-4885-B977-14B43B6212B4}"
EndProject
Project("{FAE04EC0-301F-11D3-BF4B-00C04F79EFBC}") = "Test", "Test\Test.csproj", "{88B3CC71-4A1D-4B94-B339-ADA505069FD9}"
EndProject
Global
	GlobalSection(SolutionConfigurationPlatforms) = preSolution
		Debug|Any CPU = Debug|Any CPU
		Release|Any CPU = Release|Any CPU
	EndGlobalSection
	GlobalSection(ProjectConfigurationPlatforms) = postSolution
		{3560DCC6-9936-42DE-B5A5-A8F9C23E9247}.Debug|Any CPU.ActiveCfg = Debug|Any CPU
		{3560DCC6-9936-42DE-B5A5-A8F9C23E9247}.Debug|Any CPU.Build.0 = Debug|Any CPU
		{3560DCC6-9936-42DE-B5A5-A8F9C23E9247}.Release|Any CPU.ActiveCfg = Release|Any CPU
		{3560DCC6-9936-42DE-B5A5-A8F9C23E9247}.Release|Any CPU.Build.0 = Release|Any CPU
		{BB528406-13F4-4EF8-815F-71FA21A6240D}.Debug|Any CPU.ActiveCfg = Debug|Any CPU
		{BB528406-13F4-4EF8-815F-71FA21A6240D}.Debug|Any CPU.Build.0 = Debug|Any CPU
		{BB528406-13F4-4EF8-815F-71FA21A6240D}.Release|Any CPU.ActiveCfg = Release|Any CPU
		{BB528406-13F4-4EF8-815F-71FA21A6240D}.Release|Any CPU.Build.0 = Release|Any CPU
		{0DB7703D-3FF2-4885-B977-14B43B6212B4}.Debug|Any CPU.ActiveCfg = Debug|Any CPU
		{0DB7703D-3FF2-4885-B977-14B43B6212B4}.Debug|Any CPU.Build.0 = Debug|Any CPU
		{0DB7703D-3FF2-4885-B977-14B43B6212B4}.Release|Any CPU.ActiveCfg = Release|Any CPU
		{0DB7703D-3FF2-4885-B977-14B43B6212B4}.Release|Any CPU.Build.0 = Release|Any CPU
		{88B3CC71-4A1D-4B94-B339-ADA505069FD9}.Debug|Any CPU.ActiveCfg = Debug|Any CPU
		{88B3CC71-4A1D-4B94-B339-ADA505069FD9}.Debug|Any CPU.Build.0 = Debug|Any CPU
		{88B3CC71-4A1D-4B94-B339-ADA505069FD9}.Release|Any CPU.ActiveCfg = Release|Any CPU
		{88B3CC71-4A1D-4B94-B339-ADA505069FD9}.Release|Any CPU.Build.0 = Release|Any CPU
	EndGlobalSection
	GlobalSection(SolutionProperties) = preSolution
		HideSolutionNode = FALSE
	EndGlobalSection
	GlobalSection(ExtensibilityGlobals) = postSolution
		SolutionGuid = {F75900FA-68B0-49ED-B3FF-67A36AA18AA6}
	EndGlobalSection
EndGlobal
